
Microsoft Visual Studio Solution File, Format Version 12.00
# Visual Studio Version 16
VisualStudioVersion = 16.0.29911.84
MinimumVisualStudioVersion = 10.0.40219.1
Project("{2150E333-8FDC-42A3-9474-1A3956D46DE8}") = "Presentation", "Presentation", "{203E823E-9F49-485C-BF68-B0B3F00757B8}"
EndProject
Project("{9A19103F-16F7-4668-BE54-9A1E7A4F7556}") = "ASL.Hrms.Api", "ASL.Hrms.Api\ASL.Hrms.Api.csproj", "{4613501E-0318-46CF-AFA1-949208DDC6A4}"
EndProject
Project("{9A19103F-16F7-4668-BE54-9A1E7A4F7556}") = "ASL.Hrms.Web", "ASL.Hrms.Web\ASL.Hrms.Web.csproj", "{7BE0F151-898A-4E07-ABD5-A55CABA9C0AE}"
EndProject
Project("{2150E333-8FDC-42A3-9474-1A3956D46DE8}") = "CompanySetup", "CompanySetup", "{F76F90B5-7563-48EF-8BAC-CD9987546342}"
EndProject
Project("{9A19103F-16F7-4668-BE54-9A1E7A4F7556}") = "CompanySetup.Core", "CompanySetup.Core\CompanySetup.Core.csproj", "{F60E6B4B-D445-4B70-9128-0AD9390215DF}"
EndProject
Project("{9A19103F-16F7-4668-BE54-9A1E7A4F7556}") = "CompanySetup.Persistence", "CompanySetup.Persistence\CompanySetup.Persistence.csproj", "{8B1E6F68-9CA5-41B2-B40D-9627AE1B10F9}"
EndProject
Project("{9A19103F-16F7-4668-BE54-9A1E7A4F7556}") = "CompanySetup.Application", "CompanySetup.Application\CompanySetup.Application.csproj", "{EF3F5E23-BD41-4044-87E0-C0E5E514E5BD}"
EndProject
Project("{2150E333-8FDC-42A3-9474-1A3956D46DE8}") = "SharedKernel", "SharedKernel", "{91127A1D-F26A-49ED-AF33-3B8616F69267}"
EndProject
Project("{9A19103F-16F7-4668-BE54-9A1E7A4F7556}") = "ASL.Hrms.SharedKernel", "ASL.Hrms.SharedKernel\ASL.Hrms.SharedKernel.csproj", "{1A7BB370-828A-4552-B0D5-D3BB1DF62FDB}"
EndProject
Project("{9A19103F-16F7-4668-BE54-9A1E7A4F7556}") = "CompanySetup.UnitTests", "CompanySetup.UnitTests\CompanySetup.UnitTests.csproj", "{2DB19D26-58AC-42C2-81E2-8E93B690035C}"
EndProject
Project("{2150E333-8FDC-42A3-9474-1A3956D46DE8}") = "EmployeeEnrollment", "EmployeeEnrollment", "{3A09D287-5A11-4145-8E4F-053FC9794A6C}"
EndProject
Project("{9A19103F-16F7-4668-BE54-9A1E7A4F7556}") = "EmployeeEnrollment.Application", "EmployeeEnrollment.Application\EmployeeEnrollment.Application.csproj", "{DD3432E0-1399-4F2C-A131-7316EB7D2A39}"
EndProject
Project("{9A19103F-16F7-4668-BE54-9A1E7A4F7556}") = "EmployeeEnrollment.Core", "EmployeeEnrollment.Core\EmployeeEnrollment.Core.csproj", "{C5195846-278E-481C-AF4C-C75A32F13EAC}"
EndProject
Project("{9A19103F-16F7-4668-BE54-9A1E7A4F7556}") = "EmployeeEnrollment.Persistence", "EmployeeEnrollment.Persistence\EmployeeEnrollment.Persistence.csproj", "{21857DB6-8D9E-4910-BD4E-CAAFF0A66659}"
EndProject
Project("{2150E333-8FDC-42A3-9474-1A3956D46DE8}") = "LeaveManagement", "LeaveManagement", "{23890C03-7DAE-4140-93AA-460EA0F91A9C}"
EndProject
Project("{9A19103F-16F7-4668-BE54-9A1E7A4F7556}") = "LeaveManagement.Core", "LeaveManagement.Core\LeaveManagement.Core.csproj", "{96F12C6C-F4B1-4690-8F5E-15CA9B6B7A90}"
EndProject
Project("{9A19103F-16F7-4668-BE54-9A1E7A4F7556}") = "LeaveManagement.Persistence", "LeaveManagement.Persistence\LeaveManagement.Persistence.csproj", "{2ED64D31-5B15-4D31-90B0-104FFCA4C6DE}"
EndProject
Project("{9A19103F-16F7-4668-BE54-9A1E7A4F7556}") = "LeaveManagement.Application", "LeaveManagement.Application\LeaveManagement.Application.csproj", "{9F5A4B8E-33C7-4F8E-A13A-F14EC0774902}"
EndProject
Project("{9A19103F-16F7-4668-BE54-9A1E7A4F7556}") = "LeaveManagement.UnitTests", "LeaveManagement.UnitTests\LeaveManagement.UnitTests.csproj", "{AA038045-8AD9-4BFE-A4AF-0B7588D3548B}"
EndProject
Project("{2150E333-8FDC-42A3-9474-1A3956D46DE8}") = "Attendance", "Attendance", "{7D20AA7F-1D70-4297-8D0F-DB076EE2E097}"
EndProject
Project("{9A19103F-16F7-4668-BE54-9A1E7A4F7556}") = "Attendance.Application", "Attendance.Application\Attendance.Application.csproj", "{83552C13-F593-43A3-8884-F88C513945CF}"
EndProject
Project("{9A19103F-16F7-4668-BE54-9A1E7A4F7556}") = "Attendance.Core", "Attendance.Core\Attendance.Core.csproj", "{26103459-F3A6-4AFC-9789-A1CFDDF7695C}"
EndProject
Project("{9A19103F-16F7-4668-BE54-9A1E7A4F7556}") = "Attendance.Persistence", "Attendance.Persistence\Attendance.Persistence.csproj", "{ECD74AF5-9A80-41A1-828F-DB239959A10F}"
EndProject
Project("{2150E333-8FDC-42A3-9474-1A3956D46DE8}") = "AccessControl", "AccessControl", "{D2D06D89-E842-4C59-82BE-42031BBA61C0}"
EndProject
Project("{9A19103F-16F7-4668-BE54-9A1E7A4F7556}") = "ASL.AccessControl", "ASL.AccessControl\ASL.AccessControl.csproj", "{13545229-4C9C-4314-A461-3E4BCCD529EB}"
EndProject
Project("{2150E333-8FDC-42A3-9474-1A3956D46DE8}") = "PayrollManagement", "PayrollManagement", "{680B1358-66E5-4D17-8BE0-0D840218D0F2}"
EndProject
Project("{9A19103F-16F7-4668-BE54-9A1E7A4F7556}") = "PayrollManagement.Application", "PayrollManagement.Application\PayrollManagement.Application.csproj", "{CFF5CFC2-8376-44A0-B8CA-45099FD317AE}"
EndProject
Project("{9A19103F-16F7-4668-BE54-9A1E7A4F7556}") = "PayrollManagement.Core", "PayrollManagement.Core\PayrollManagement.Core.csproj", "{478F95E3-4799-4DFC-B3DF-355BAE45DE05}"
EndProject
Project("{9A19103F-16F7-4668-BE54-9A1E7A4F7556}") = "PayrollManagement.Persistence", "PayrollManagement.Persistence\PayrollManagement.Persistence.csproj", "{943390F3-3FFA-45A0-9D04-0862A1551B18}"
EndProject
Project("{2150E333-8FDC-42A3-9474-1A3956D46DE8}") = "Infrastructure", "Infrastructure", "{4E2BF15C-1760-4572-A249-7CE3D90D410B}"
EndProject
Project("{9A19103F-16F7-4668-BE54-9A1E7A4F7556}") = "Asl.Infrastructure", "Asl.Infrastructure\Asl.Infrastructure.csproj", "{CBE7523A-E0B8-4CC3-9141-1F2286343C1A}"
EndProject
Project("{2150E333-8FDC-42A3-9474-1A3956D46DE8}") = "Utility", "Utility", "{DF9449A4-7831-41A1-B422-AE4C19905044}"
EndProject
Project("{9A19103F-16F7-4668-BE54-9A1E7A4F7556}") = "ASL.Utility", "ASL.Utility\ASL.Utility.csproj", "{B4C59583-AC36-4371-BDEF-68F6D5A00A8B}"
EndProject
Project("{2150E333-8FDC-42A3-9474-1A3956D46DE8}") = "TaskManagement", "TaskManagement", "{24AA1BFF-D8B7-428F-8BBC-D5F6CA9295B0}"
EndProject
Project("{9A19103F-16F7-4668-BE54-9A1E7A4F7556}") = "TaskManagement.Application", "TaskManagement.Application\TaskManagement.Application.csproj", "{0495BE23-2771-494B-97BA-4E36D1ACC547}"
EndProject
Project("{9A19103F-16F7-4668-BE54-9A1E7A4F7556}") = "TaskManagement.Core", "TaskManagement.Core\TaskManagement.Core.csproj", "{FBAA29DE-AD5C-49FB-A688-215A8155492F}"
EndProject
Project("{9A19103F-16F7-4668-BE54-9A1E7A4F7556}") = "TaskManagement.Persistence", "TaskManagement.Persistence\TaskManagement.Persistence.csproj", "{E05EFD35-F4BB-4CA0-9807-0EB6B2F91673}"
EndProject
Project("{2150E333-8FDC-42A3-9474-1A3956D46DE8}") = "PlanetProcessor", "PlanetProcessor", "{1BB81F73-B053-4021-981C-1759207F7CFF}"
EndProject
Project("{FAE04EC0-301F-11D3-BF4B-00C04F79EFBC}") = "planetHRProcessor", "planetHRProcessor\planetHRProcessor.csproj", "{66D0082C-C4E9-43EB-981C-6823123B24F6}"
EndProject
Global
	GlobalSection(SolutionConfigurationPlatforms) = preSolution
		Debug|Any CPU = Debug|Any CPU
		Debug|x64 = Debug|x64
		Debug|x86 = Debug|x86
		Release|Any CPU = Release|Any CPU
		Release|x64 = Release|x64
		Release|x86 = Release|x86
	EndGlobalSection
	GlobalSection(ProjectConfigurationPlatforms) = postSolution
		{4613501E-0318-46CF-AFA1-949208DDC6A4}.Debug|Any CPU.ActiveCfg = Debug|Any CPU
		{4613501E-0318-46CF-AFA1-949208DDC6A4}.Debug|Any CPU.Build.0 = Debug|Any CPU
		{4613501E-0318-46CF-AFA1-949208DDC6A4}.Debug|x64.ActiveCfg = Debug|Any CPU
		{4613501E-0318-46CF-AFA1-949208DDC6A4}.Debug|x64.Build.0 = Debug|Any CPU
		{4613501E-0318-46CF-AFA1-949208DDC6A4}.Debug|x86.ActiveCfg = Debug|Any CPU
		{4613501E-0318-46CF-AFA1-949208DDC6A4}.Debug|x86.Build.0 = Debug|Any CPU
		{4613501E-0318-46CF-AFA1-949208DDC6A4}.Release|Any CPU.ActiveCfg = Release|Any CPU
		{4613501E-0318-46CF-AFA1-949208DDC6A4}.Release|Any CPU.Build.0 = Release|Any CPU
		{4613501E-0318-46CF-AFA1-949208DDC6A4}.Release|x64.ActiveCfg = Release|Any CPU
		{4613501E-0318-46CF-AFA1-949208DDC6A4}.Release|x64.Build.0 = Release|Any CPU
		{4613501E-0318-46CF-AFA1-949208DDC6A4}.Release|x86.ActiveCfg = Release|Any CPU
		{4613501E-0318-46CF-AFA1-949208DDC6A4}.Release|x86.Build.0 = Release|Any CPU
		{7BE0F151-898A-4E07-ABD5-A55CABA9C0AE}.Debug|Any CPU.ActiveCfg = Debug|Any CPU
		{7BE0F151-898A-4E07-ABD5-A55CABA9C0AE}.Debug|Any CPU.Build.0 = Debug|Any CPU
		{7BE0F151-898A-4E07-ABD5-A55CABA9C0AE}.Debug|x64.ActiveCfg = Debug|Any CPU
		{7BE0F151-898A-4E07-ABD5-A55CABA9C0AE}.Debug|x64.Build.0 = Debug|Any CPU
		{7BE0F151-898A-4E07-ABD5-A55CABA9C0AE}.Debug|x86.ActiveCfg = Debug|Any CPU
		{7BE0F151-898A-4E07-ABD5-A55CABA9C0AE}.Debug|x86.Build.0 = Debug|Any CPU
		{7BE0F151-898A-4E07-ABD5-A55CABA9C0AE}.Release|Any CPU.ActiveCfg = Release|Any CPU
		{7BE0F151-898A-4E07-ABD5-A55CABA9C0AE}.Release|Any CPU.Build.0 = Release|Any CPU
		{7BE0F151-898A-4E07-ABD5-A55CABA9C0AE}.Release|x64.ActiveCfg = Release|Any CPU
		{7BE0F151-898A-4E07-ABD5-A55CABA9C0AE}.Release|x64.Build.0 = Release|Any CPU
		{7BE0F151-898A-4E07-ABD5-A55CABA9C0AE}.Release|x86.ActiveCfg = Release|Any CPU
		{7BE0F151-898A-4E07-ABD5-A55CABA9C0AE}.Release|x86.Build.0 = Release|Any CPU
		{F60E6B4B-D445-4B70-9128-0AD9390215DF}.Debug|Any CPU.ActiveCfg = Debug|Any CPU
		{F60E6B4B-D445-4B70-9128-0AD9390215DF}.Debug|Any CPU.Build.0 = Debug|Any CPU
		{F60E6B4B-D445-4B70-9128-0AD9390215DF}.Debug|x64.ActiveCfg = Debug|Any CPU
		{F60E6B4B-D445-4B70-9128-0AD9390215DF}.Debug|x64.Build.0 = Debug|Any CPU
		{F60E6B4B-D445-4B70-9128-0AD9390215DF}.Debug|x86.ActiveCfg = Debug|Any CPU
		{F60E6B4B-D445-4B70-9128-0AD9390215DF}.Debug|x86.Build.0 = Debug|Any CPU
		{F60E6B4B-D445-4B70-9128-0AD9390215DF}.Release|Any CPU.ActiveCfg = Release|Any CPU
		{F60E6B4B-D445-4B70-9128-0AD9390215DF}.Release|Any CPU.Build.0 = Release|Any CPU
		{F60E6B4B-D445-4B70-9128-0AD9390215DF}.Release|x64.ActiveCfg = Release|Any CPU
		{F60E6B4B-D445-4B70-9128-0AD9390215DF}.Release|x64.Build.0 = Release|Any CPU
		{F60E6B4B-D445-4B70-9128-0AD9390215DF}.Release|x86.ActiveCfg = Release|Any CPU
		{F60E6B4B-D445-4B70-9128-0AD9390215DF}.Release|x86.Build.0 = Release|Any CPU
		{8B1E6F68-9CA5-41B2-B40D-9627AE1B10F9}.Debug|Any CPU.ActiveCfg = Debug|Any CPU
		{8B1E6F68-9CA5-41B2-B40D-9627AE1B10F9}.Debug|Any CPU.Build.0 = Debug|Any CPU
		{8B1E6F68-9CA5-41B2-B40D-9627AE1B10F9}.Debug|x64.ActiveCfg = Debug|Any CPU
		{8B1E6F68-9CA5-41B2-B40D-9627AE1B10F9}.Debug|x64.Build.0 = Debug|Any CPU
		{8B1E6F68-9CA5-41B2-B40D-9627AE1B10F9}.Debug|x86.ActiveCfg = Debug|Any CPU
		{8B1E6F68-9CA5-41B2-B40D-9627AE1B10F9}.Debug|x86.Build.0 = Debug|Any CPU
		{8B1E6F68-9CA5-41B2-B40D-9627AE1B10F9}.Release|Any CPU.ActiveCfg = Release|Any CPU
		{8B1E6F68-9CA5-41B2-B40D-9627AE1B10F9}.Release|Any CPU.Build.0 = Release|Any CPU
		{8B1E6F68-9CA5-41B2-B40D-9627AE1B10F9}.Release|x64.ActiveCfg = Release|Any CPU
		{8B1E6F68-9CA5-41B2-B40D-9627AE1B10F9}.Release|x64.Build.0 = Release|Any CPU
		{8B1E6F68-9CA5-41B2-B40D-9627AE1B10F9}.Release|x86.ActiveCfg = Release|Any CPU
		{8B1E6F68-9CA5-41B2-B40D-9627AE1B10F9}.Release|x86.Build.0 = Release|Any CPU
		{EF3F5E23-BD41-4044-87E0-C0E5E514E5BD}.Debug|Any CPU.ActiveCfg = Debug|Any CPU
		{EF3F5E23-BD41-4044-87E0-C0E5E514E5BD}.Debug|Any CPU.Build.0 = Debug|Any CPU
		{EF3F5E23-BD41-4044-87E0-C0E5E514E5BD}.Debug|x64.ActiveCfg = Debug|Any CPU
		{EF3F5E23-BD41-4044-87E0-C0E5E514E5BD}.Debug|x64.Build.0 = Debug|Any CPU
		{EF3F5E23-BD41-4044-87E0-C0E5E514E5BD}.Debug|x86.ActiveCfg = Debug|Any CPU
		{EF3F5E23-BD41-4044-87E0-C0E5E514E5BD}.Debug|x86.Build.0 = Debug|Any CPU
		{EF3F5E23-BD41-4044-87E0-C0E5E514E5BD}.Release|Any CPU.ActiveCfg = Release|Any CPU
		{EF3F5E23-BD41-4044-87E0-C0E5E514E5BD}.Release|Any CPU.Build.0 = Release|Any CPU
		{EF3F5E23-BD41-4044-87E0-C0E5E514E5BD}.Release|x64.ActiveCfg = Release|Any CPU
		{EF3F5E23-BD41-4044-87E0-C0E5E514E5BD}.Release|x64.Build.0 = Release|Any CPU
		{EF3F5E23-BD41-4044-87E0-C0E5E514E5BD}.Release|x86.ActiveCfg = Release|Any CPU
		{EF3F5E23-BD41-4044-87E0-C0E5E514E5BD}.Release|x86.Build.0 = Release|Any CPU
		{1A7BB370-828A-4552-B0D5-D3BB1DF62FDB}.Debug|Any CPU.ActiveCfg = Debug|Any CPU
		{1A7BB370-828A-4552-B0D5-D3BB1DF62FDB}.Debug|Any CPU.Build.0 = Debug|Any CPU
		{1A7BB370-828A-4552-B0D5-D3BB1DF62FDB}.Debug|x64.ActiveCfg = Debug|Any CPU
		{1A7BB370-828A-4552-B0D5-D3BB1DF62FDB}.Debug|x64.Build.0 = Debug|Any CPU
		{1A7BB370-828A-4552-B0D5-D3BB1DF62FDB}.Debug|x86.ActiveCfg = Debug|Any CPU
		{1A7BB370-828A-4552-B0D5-D3BB1DF62FDB}.Debug|x86.Build.0 = Debug|Any CPU
		{1A7BB370-828A-4552-B0D5-D3BB1DF62FDB}.Release|Any CPU.ActiveCfg = Release|Any CPU
		{1A7BB370-828A-4552-B0D5-D3BB1DF62FDB}.Release|Any CPU.Build.0 = Release|Any CPU
		{1A7BB370-828A-4552-B0D5-D3BB1DF62FDB}.Release|x64.ActiveCfg = Release|Any CPU
		{1A7BB370-828A-4552-B0D5-D3BB1DF62FDB}.Release|x64.Build.0 = Release|Any CPU
		{1A7BB370-828A-4552-B0D5-D3BB1DF62FDB}.Release|x86.ActiveCfg = Release|Any CPU
		{1A7BB370-828A-4552-B0D5-D3BB1DF62FDB}.Release|x86.Build.0 = Release|Any CPU
		{2DB19D26-58AC-42C2-81E2-8E93B690035C}.Debug|Any CPU.ActiveCfg = Debug|Any CPU
		{2DB19D26-58AC-42C2-81E2-8E93B690035C}.Debug|Any CPU.Build.0 = Debug|Any CPU
		{2DB19D26-58AC-42C2-81E2-8E93B690035C}.Debug|x64.ActiveCfg = Debug|Any CPU
		{2DB19D26-58AC-42C2-81E2-8E93B690035C}.Debug|x64.Build.0 = Debug|Any CPU
		{2DB19D26-58AC-42C2-81E2-8E93B690035C}.Debug|x86.ActiveCfg = Debug|Any CPU
		{2DB19D26-58AC-42C2-81E2-8E93B690035C}.Debug|x86.Build.0 = Debug|Any CPU
		{2DB19D26-58AC-42C2-81E2-8E93B690035C}.Release|Any CPU.ActiveCfg = Release|Any CPU
		{2DB19D26-58AC-42C2-81E2-8E93B690035C}.Release|Any CPU.Build.0 = Release|Any CPU
		{2DB19D26-58AC-42C2-81E2-8E93B690035C}.Release|x64.ActiveCfg = Release|Any CPU
		{2DB19D26-58AC-42C2-81E2-8E93B690035C}.Release|x64.Build.0 = Release|Any CPU
		{2DB19D26-58AC-42C2-81E2-8E93B690035C}.Release|x86.ActiveCfg = Release|Any CPU
		{2DB19D26-58AC-42C2-81E2-8E93B690035C}.Release|x86.Build.0 = Release|Any CPU
		{DD3432E0-1399-4F2C-A131-7316EB7D2A39}.Debug|Any CPU.ActiveCfg = Debug|Any CPU
		{DD3432E0-1399-4F2C-A131-7316EB7D2A39}.Debug|Any CPU.Build.0 = Debug|Any CPU
		{DD3432E0-1399-4F2C-A131-7316EB7D2A39}.Debug|x64.ActiveCfg = Debug|Any CPU
		{DD3432E0-1399-4F2C-A131-7316EB7D2A39}.Debug|x64.Build.0 = Debug|Any CPU
		{DD3432E0-1399-4F2C-A131-7316EB7D2A39}.Debug|x86.ActiveCfg = Debug|Any CPU
		{DD3432E0-1399-4F2C-A131-7316EB7D2A39}.Debug|x86.Build.0 = Debug|Any CPU
		{DD3432E0-1399-4F2C-A131-7316EB7D2A39}.Release|Any CPU.ActiveCfg = Release|Any CPU
		{DD3432E0-1399-4F2C-A131-7316EB7D2A39}.Release|Any CPU.Build.0 = Release|Any CPU
		{DD3432E0-1399-4F2C-A131-7316EB7D2A39}.Release|x64.ActiveCfg = Release|Any CPU
		{DD3432E0-1399-4F2C-A131-7316EB7D2A39}.Release|x64.Build.0 = Release|Any CPU
		{DD3432E0-1399-4F2C-A131-7316EB7D2A39}.Release|x86.ActiveCfg = Release|Any CPU
		{DD3432E0-1399-4F2C-A131-7316EB7D2A39}.Release|x86.Build.0 = Release|Any CPU
		{C5195846-278E-481C-AF4C-C75A32F13EAC}.Debug|Any CPU.ActiveCfg = Debug|Any CPU
		{C5195846-278E-481C-AF4C-C75A32F13EAC}.Debug|Any CPU.Build.0 = Debug|Any CPU
		{C5195846-278E-481C-AF4C-C75A32F13EAC}.Debug|x64.ActiveCfg = Debug|Any CPU
		{C5195846-278E-481C-AF4C-C75A32F13EAC}.Debug|x64.Build.0 = Debug|Any CPU
		{C5195846-278E-481C-AF4C-C75A32F13EAC}.Debug|x86.ActiveCfg = Debug|Any CPU
		{C5195846-278E-481C-AF4C-C75A32F13EAC}.Debug|x86.Build.0 = Debug|Any CPU
		{C5195846-278E-481C-AF4C-C75A32F13EAC}.Release|Any CPU.ActiveCfg = Release|Any CPU
		{C5195846-278E-481C-AF4C-C75A32F13EAC}.Release|Any CPU.Build.0 = Release|Any CPU
		{C5195846-278E-481C-AF4C-C75A32F13EAC}.Release|x64.ActiveCfg = Release|Any CPU
		{C5195846-278E-481C-AF4C-C75A32F13EAC}.Release|x64.Build.0 = Release|Any CPU
		{C5195846-278E-481C-AF4C-C75A32F13EAC}.Release|x86.ActiveCfg = Release|Any CPU
		{C5195846-278E-481C-AF4C-C75A32F13EAC}.Release|x86.Build.0 = Release|Any CPU
		{21857DB6-8D9E-4910-BD4E-CAAFF0A66659}.Debug|Any CPU.ActiveCfg = Debug|Any CPU
		{21857DB6-8D9E-4910-BD4E-CAAFF0A66659}.Debug|Any CPU.Build.0 = Debug|Any CPU
		{21857DB6-8D9E-4910-BD4E-CAAFF0A66659}.Debug|x64.ActiveCfg = Debug|Any CPU
		{21857DB6-8D9E-4910-BD4E-CAAFF0A66659}.Debug|x64.Build.0 = Debug|Any CPU
		{21857DB6-8D9E-4910-BD4E-CAAFF0A66659}.Debug|x86.ActiveCfg = Debug|Any CPU
		{21857DB6-8D9E-4910-BD4E-CAAFF0A66659}.Debug|x86.Build.0 = Debug|Any CPU
		{21857DB6-8D9E-4910-BD4E-CAAFF0A66659}.Release|Any CPU.ActiveCfg = Release|Any CPU
		{21857DB6-8D9E-4910-BD4E-CAAFF0A66659}.Release|Any CPU.Build.0 = Release|Any CPU
		{21857DB6-8D9E-4910-BD4E-CAAFF0A66659}.Release|x64.ActiveCfg = Release|Any CPU
		{21857DB6-8D9E-4910-BD4E-CAAFF0A66659}.Release|x64.Build.0 = Release|Any CPU
		{21857DB6-8D9E-4910-BD4E-CAAFF0A66659}.Release|x86.ActiveCfg = Release|Any CPU
		{21857DB6-8D9E-4910-BD4E-CAAFF0A66659}.Release|x86.Build.0 = Release|Any CPU
		{96F12C6C-F4B1-4690-8F5E-15CA9B6B7A90}.Debug|Any CPU.ActiveCfg = Debug|Any CPU
		{96F12C6C-F4B1-4690-8F5E-15CA9B6B7A90}.Debug|Any CPU.Build.0 = Debug|Any CPU
		{96F12C6C-F4B1-4690-8F5E-15CA9B6B7A90}.Debug|x64.ActiveCfg = Debug|Any CPU
		{96F12C6C-F4B1-4690-8F5E-15CA9B6B7A90}.Debug|x64.Build.0 = Debug|Any CPU
		{96F12C6C-F4B1-4690-8F5E-15CA9B6B7A90}.Debug|x86.ActiveCfg = Debug|Any CPU
		{96F12C6C-F4B1-4690-8F5E-15CA9B6B7A90}.Debug|x86.Build.0 = Debug|Any CPU
		{96F12C6C-F4B1-4690-8F5E-15CA9B6B7A90}.Release|Any CPU.ActiveCfg = Release|Any CPU
		{96F12C6C-F4B1-4690-8F5E-15CA9B6B7A90}.Release|Any CPU.Build.0 = Release|Any CPU
		{96F12C6C-F4B1-4690-8F5E-15CA9B6B7A90}.Release|x64.ActiveCfg = Release|Any CPU
		{96F12C6C-F4B1-4690-8F5E-15CA9B6B7A90}.Release|x64.Build.0 = Release|Any CPU
		{96F12C6C-F4B1-4690-8F5E-15CA9B6B7A90}.Release|x86.ActiveCfg = Release|Any CPU
		{96F12C6C-F4B1-4690-8F5E-15CA9B6B7A90}.Release|x86.Build.0 = Release|Any CPU
		{2ED64D31-5B15-4D31-90B0-104FFCA4C6DE}.Debug|Any CPU.ActiveCfg = Debug|Any CPU
		{2ED64D31-5B15-4D31-90B0-104FFCA4C6DE}.Debug|Any CPU.Build.0 = Debug|Any CPU
		{2ED64D31-5B15-4D31-90B0-104FFCA4C6DE}.Debug|x64.ActiveCfg = Debug|Any CPU
		{2ED64D31-5B15-4D31-90B0-104FFCA4C6DE}.Debug|x64.Build.0 = Debug|Any CPU
		{2ED64D31-5B15-4D31-90B0-104FFCA4C6DE}.Debug|x86.ActiveCfg = Debug|Any CPU
		{2ED64D31-5B15-4D31-90B0-104FFCA4C6DE}.Debug|x86.Build.0 = Debug|Any CPU
		{2ED64D31-5B15-4D31-90B0-104FFCA4C6DE}.Release|Any CPU.ActiveCfg = Release|Any CPU
		{2ED64D31-5B15-4D31-90B0-104FFCA4C6DE}.Release|Any CPU.Build.0 = Release|Any CPU
		{2ED64D31-5B15-4D31-90B0-104FFCA4C6DE}.Release|x64.ActiveCfg = Release|Any CPU
		{2ED64D31-5B15-4D31-90B0-104FFCA4C6DE}.Release|x64.Build.0 = Release|Any CPU
		{2ED64D31-5B15-4D31-90B0-104FFCA4C6DE}.Release|x86.ActiveCfg = Release|Any CPU
		{2ED64D31-5B15-4D31-90B0-104FFCA4C6DE}.Release|x86.Build.0 = Release|Any CPU
		{9F5A4B8E-33C7-4F8E-A13A-F14EC0774902}.Debug|Any CPU.ActiveCfg = Debug|Any CPU
		{9F5A4B8E-33C7-4F8E-A13A-F14EC0774902}.Debug|Any CPU.Build.0 = Debug|Any CPU
		{9F5A4B8E-33C7-4F8E-A13A-F14EC0774902}.Debug|x64.ActiveCfg = Debug|Any CPU
		{9F5A4B8E-33C7-4F8E-A13A-F14EC0774902}.Debug|x64.Build.0 = Debug|Any CPU
		{9F5A4B8E-33C7-4F8E-A13A-F14EC0774902}.Debug|x86.ActiveCfg = Debug|Any CPU
		{9F5A4B8E-33C7-4F8E-A13A-F14EC0774902}.Debug|x86.Build.0 = Debug|Any CPU
		{9F5A4B8E-33C7-4F8E-A13A-F14EC0774902}.Release|Any CPU.ActiveCfg = Release|Any CPU
		{9F5A4B8E-33C7-4F8E-A13A-F14EC0774902}.Release|Any CPU.Build.0 = Release|Any CPU
		{9F5A4B8E-33C7-4F8E-A13A-F14EC0774902}.Release|x64.ActiveCfg = Release|Any CPU
		{9F5A4B8E-33C7-4F8E-A13A-F14EC0774902}.Release|x64.Build.0 = Release|Any CPU
		{9F5A4B8E-33C7-4F8E-A13A-F14EC0774902}.Release|x86.ActiveCfg = Release|Any CPU
		{9F5A4B8E-33C7-4F8E-A13A-F14EC0774902}.Release|x86.Build.0 = Release|Any CPU
		{AA038045-8AD9-4BFE-A4AF-0B7588D3548B}.Debug|Any CPU.ActiveCfg = Debug|Any CPU
		{AA038045-8AD9-4BFE-A4AF-0B7588D3548B}.Debug|Any CPU.Build.0 = Debug|Any CPU
		{AA038045-8AD9-4BFE-A4AF-0B7588D3548B}.Debug|x64.ActiveCfg = Debug|Any CPU
		{AA038045-8AD9-4BFE-A4AF-0B7588D3548B}.Debug|x86.ActiveCfg = Debug|Any CPU
		{AA038045-8AD9-4BFE-A4AF-0B7588D3548B}.Release|Any CPU.ActiveCfg = Release|Any CPU
		{AA038045-8AD9-4BFE-A4AF-0B7588D3548B}.Release|Any CPU.Build.0 = Release|Any CPU
		{AA038045-8AD9-4BFE-A4AF-0B7588D3548B}.Release|x64.ActiveCfg = Release|Any CPU
		{AA038045-8AD9-4BFE-A4AF-0B7588D3548B}.Release|x86.ActiveCfg = Release|Any CPU
		{83552C13-F593-43A3-8884-F88C513945CF}.Debug|Any CPU.ActiveCfg = Debug|Any CPU
		{83552C13-F593-43A3-8884-F88C513945CF}.Debug|Any CPU.Build.0 = Debug|Any CPU
		{83552C13-F593-43A3-8884-F88C513945CF}.Debug|x64.ActiveCfg = Debug|Any CPU
		{83552C13-F593-43A3-8884-F88C513945CF}.Debug|x64.Build.0 = Debug|Any CPU
		{83552C13-F593-43A3-8884-F88C513945CF}.Debug|x86.ActiveCfg = Debug|Any CPU
		{83552C13-F593-43A3-8884-F88C513945CF}.Debug|x86.Build.0 = Debug|Any CPU
		{83552C13-F593-43A3-8884-F88C513945CF}.Release|Any CPU.ActiveCfg = Release|Any CPU
		{83552C13-F593-43A3-8884-F88C513945CF}.Release|Any CPU.Build.0 = Release|Any CPU
		{83552C13-F593-43A3-8884-F88C513945CF}.Release|x64.ActiveCfg = Release|Any CPU
		{83552C13-F593-43A3-8884-F88C513945CF}.Release|x64.Build.0 = Release|Any CPU
		{83552C13-F593-43A3-8884-F88C513945CF}.Release|x86.ActiveCfg = Release|Any CPU
		{83552C13-F593-43A3-8884-F88C513945CF}.Release|x86.Build.0 = Release|Any CPU
		{26103459-F3A6-4AFC-9789-A1CFDDF7695C}.Debug|Any CPU.ActiveCfg = Debug|Any CPU
		{26103459-F3A6-4AFC-9789-A1CFDDF7695C}.Debug|Any CPU.Build.0 = Debug|Any CPU
		{26103459-F3A6-4AFC-9789-A1CFDDF7695C}.Debug|x64.ActiveCfg = Debug|Any CPU
		{26103459-F3A6-4AFC-9789-A1CFDDF7695C}.Debug|x64.Build.0 = Debug|Any CPU
		{26103459-F3A6-4AFC-9789-A1CFDDF7695C}.Debug|x86.ActiveCfg = Debug|Any CPU
		{26103459-F3A6-4AFC-9789-A1CFDDF7695C}.Debug|x86.Build.0 = Debug|Any CPU
		{26103459-F3A6-4AFC-9789-A1CFDDF7695C}.Release|Any CPU.ActiveCfg = Release|Any CPU
		{26103459-F3A6-4AFC-9789-A1CFDDF7695C}.Release|Any CPU.Build.0 = Release|Any CPU
		{26103459-F3A6-4AFC-9789-A1CFDDF7695C}.Release|x64.ActiveCfg = Release|Any CPU
		{26103459-F3A6-4AFC-9789-A1CFDDF7695C}.Release|x64.Build.0 = Release|Any CPU
		{26103459-F3A6-4AFC-9789-A1CFDDF7695C}.Release|x86.ActiveCfg = Release|Any CPU
		{26103459-F3A6-4AFC-9789-A1CFDDF7695C}.Release|x86.Build.0 = Release|Any CPU
		{ECD74AF5-9A80-41A1-828F-DB239959A10F}.Debug|Any CPU.ActiveCfg = Debug|Any CPU
		{ECD74AF5-9A80-41A1-828F-DB239959A10F}.Debug|Any CPU.Build.0 = Debug|Any CPU
		{ECD74AF5-9A80-41A1-828F-DB239959A10F}.Debug|x64.ActiveCfg = Debug|Any CPU
		{ECD74AF5-9A80-41A1-828F-DB239959A10F}.Debug|x64.Build.0 = Debug|Any CPU
		{ECD74AF5-9A80-41A1-828F-DB239959A10F}.Debug|x86.ActiveCfg = Debug|Any CPU
		{ECD74AF5-9A80-41A1-828F-DB239959A10F}.Debug|x86.Build.0 = Debug|Any CPU
		{ECD74AF5-9A80-41A1-828F-DB239959A10F}.Release|Any CPU.ActiveCfg = Release|Any CPU
		{ECD74AF5-9A80-41A1-828F-DB239959A10F}.Release|Any CPU.Build.0 = Release|Any CPU
		{ECD74AF5-9A80-41A1-828F-DB239959A10F}.Release|x64.ActiveCfg = Release|Any CPU
		{ECD74AF5-9A80-41A1-828F-DB239959A10F}.Release|x64.Build.0 = Release|Any CPU
		{ECD74AF5-9A80-41A1-828F-DB239959A10F}.Release|x86.ActiveCfg = Release|Any CPU
		{ECD74AF5-9A80-41A1-828F-DB239959A10F}.Release|x86.Build.0 = Release|Any CPU
		{13545229-4C9C-4314-A461-3E4BCCD529EB}.Debug|Any CPU.ActiveCfg = Debug|Any CPU
		{13545229-4C9C-4314-A461-3E4BCCD529EB}.Debug|Any CPU.Build.0 = Debug|Any CPU
		{13545229-4C9C-4314-A461-3E4BCCD529EB}.Debug|x64.ActiveCfg = Debug|Any CPU
		{13545229-4C9C-4314-A461-3E4BCCD529EB}.Debug|x64.Build.0 = Debug|Any CPU
		{13545229-4C9C-4314-A461-3E4BCCD529EB}.Debug|x86.ActiveCfg = Debug|Any CPU
		{13545229-4C9C-4314-A461-3E4BCCD529EB}.Debug|x86.Build.0 = Debug|Any CPU
		{13545229-4C9C-4314-A461-3E4BCCD529EB}.Release|Any CPU.ActiveCfg = Release|Any CPU
		{13545229-4C9C-4314-A461-3E4BCCD529EB}.Release|Any CPU.Build.0 = Release|Any CPU
		{13545229-4C9C-4314-A461-3E4BCCD529EB}.Release|x64.ActiveCfg = Release|Any CPU
		{13545229-4C9C-4314-A461-3E4BCCD529EB}.Release|x64.Build.0 = Release|Any CPU
		{13545229-4C9C-4314-A461-3E4BCCD529EB}.Release|x86.ActiveCfg = Release|Any CPU
		{13545229-4C9C-4314-A461-3E4BCCD529EB}.Release|x86.Build.0 = Release|Any CPU
		{CFF5CFC2-8376-44A0-B8CA-45099FD317AE}.Debug|Any CPU.ActiveCfg = Debug|Any CPU
		{CFF5CFC2-8376-44A0-B8CA-45099FD317AE}.Debug|Any CPU.Build.0 = Debug|Any CPU
		{CFF5CFC2-8376-44A0-B8CA-45099FD317AE}.Debug|x64.ActiveCfg = Debug|Any CPU
		{CFF5CFC2-8376-44A0-B8CA-45099FD317AE}.Debug|x64.Build.0 = Debug|Any CPU
		{CFF5CFC2-8376-44A0-B8CA-45099FD317AE}.Debug|x86.ActiveCfg = Debug|Any CPU
		{CFF5CFC2-8376-44A0-B8CA-45099FD317AE}.Debug|x86.Build.0 = Debug|Any CPU
		{CFF5CFC2-8376-44A0-B8CA-45099FD317AE}.Release|Any CPU.ActiveCfg = Release|Any CPU
		{CFF5CFC2-8376-44A0-B8CA-45099FD317AE}.Release|Any CPU.Build.0 = Release|Any CPU
		{CFF5CFC2-8376-44A0-B8CA-45099FD317AE}.Release|x64.ActiveCfg = Release|Any CPU
		{CFF5CFC2-8376-44A0-B8CA-45099FD317AE}.Release|x64.Build.0 = Release|Any CPU
		{CFF5CFC2-8376-44A0-B8CA-45099FD317AE}.Release|x86.ActiveCfg = Release|Any CPU
		{CFF5CFC2-8376-44A0-B8CA-45099FD317AE}.Release|x86.Build.0 = Release|Any CPU
		{478F95E3-4799-4DFC-B3DF-355BAE45DE05}.Debug|Any CPU.ActiveCfg = Debug|Any CPU
		{478F95E3-4799-4DFC-B3DF-355BAE45DE05}.Debug|Any CPU.Build.0 = Debug|Any CPU
		{478F95E3-4799-4DFC-B3DF-355BAE45DE05}.Debug|x64.ActiveCfg = Debug|Any CPU
		{478F95E3-4799-4DFC-B3DF-355BAE45DE05}.Debug|x64.Build.0 = Debug|Any CPU
		{478F95E3-4799-4DFC-B3DF-355BAE45DE05}.Debug|x86.ActiveCfg = Debug|Any CPU
		{478F95E3-4799-4DFC-B3DF-355BAE45DE05}.Debug|x86.Build.0 = Debug|Any CPU
		{478F95E3-4799-4DFC-B3DF-355BAE45DE05}.Release|Any CPU.ActiveCfg = Release|Any CPU
		{478F95E3-4799-4DFC-B3DF-355BAE45DE05}.Release|Any CPU.Build.0 = Release|Any CPU
		{478F95E3-4799-4DFC-B3DF-355BAE45DE05}.Release|x64.ActiveCfg = Release|Any CPU
		{478F95E3-4799-4DFC-B3DF-355BAE45DE05}.Release|x64.Build.0 = Release|Any CPU
		{478F95E3-4799-4DFC-B3DF-355BAE45DE05}.Release|x86.ActiveCfg = Release|Any CPU
		{478F95E3-4799-4DFC-B3DF-355BAE45DE05}.Release|x86.Build.0 = Release|Any CPU
		{943390F3-3FFA-45A0-9D04-0862A1551B18}.Debug|Any CPU.ActiveCfg = Debug|Any CPU
		{943390F3-3FFA-45A0-9D04-0862A1551B18}.Debug|Any CPU.Build.0 = Debug|Any CPU
		{943390F3-3FFA-45A0-9D04-0862A1551B18}.Debug|x64.ActiveCfg = Debug|Any CPU
		{943390F3-3FFA-45A0-9D04-0862A1551B18}.Debug|x64.Build.0 = Debug|Any CPU
		{943390F3-3FFA-45A0-9D04-0862A1551B18}.Debug|x86.ActiveCfg = Debug|Any CPU
		{943390F3-3FFA-45A0-9D04-0862A1551B18}.Debug|x86.Build.0 = Debug|Any CPU
		{943390F3-3FFA-45A0-9D04-0862A1551B18}.Release|Any CPU.ActiveCfg = Release|Any CPU
		{943390F3-3FFA-45A0-9D04-0862A1551B18}.Release|Any CPU.Build.0 = Release|Any CPU
		{943390F3-3FFA-45A0-9D04-0862A1551B18}.Release|x64.ActiveCfg = Release|Any CPU
		{943390F3-3FFA-45A0-9D04-0862A1551B18}.Release|x64.Build.0 = Release|Any CPU
		{943390F3-3FFA-45A0-9D04-0862A1551B18}.Release|x86.ActiveCfg = Release|Any CPU
		{943390F3-3FFA-45A0-9D04-0862A1551B18}.Release|x86.Build.0 = Release|Any CPU
		{CBE7523A-E0B8-4CC3-9141-1F2286343C1A}.Debug|Any CPU.ActiveCfg = Debug|Any CPU
		{CBE7523A-E0B8-4CC3-9141-1F2286343C1A}.Debug|Any CPU.Build.0 = Debug|Any CPU
		{CBE7523A-E0B8-4CC3-9141-1F2286343C1A}.Debug|x64.ActiveCfg = Debug|Any CPU
		{CBE7523A-E0B8-4CC3-9141-1F2286343C1A}.Debug|x64.Build.0 = Debug|Any CPU
		{CBE7523A-E0B8-4CC3-9141-1F2286343C1A}.Debug|x86.ActiveCfg = Debug|Any CPU
		{CBE7523A-E0B8-4CC3-9141-1F2286343C1A}.Debug|x86.Build.0 = Debug|Any CPU
		{CBE7523A-E0B8-4CC3-9141-1F2286343C1A}.Release|Any CPU.ActiveCfg = Release|Any CPU
		{CBE7523A-E0B8-4CC3-9141-1F2286343C1A}.Release|Any CPU.Build.0 = Release|Any CPU
		{CBE7523A-E0B8-4CC3-9141-1F2286343C1A}.Release|x64.ActiveCfg = Release|Any CPU
		{CBE7523A-E0B8-4CC3-9141-1F2286343C1A}.Release|x64.Build.0 = Release|Any CPU
		{CBE7523A-E0B8-4CC3-9141-1F2286343C1A}.Release|x86.ActiveCfg = Release|Any CPU
		{CBE7523A-E0B8-4CC3-9141-1F2286343C1A}.Release|x86.Build.0 = Release|Any CPU
		{B4C59583-AC36-4371-BDEF-68F6D5A00A8B}.Debug|Any CPU.ActiveCfg = Debug|Any CPU
		{B4C59583-AC36-4371-BDEF-68F6D5A00A8B}.Debug|Any CPU.Build.0 = Debug|Any CPU
		{B4C59583-AC36-4371-BDEF-68F6D5A00A8B}.Debug|x64.ActiveCfg = Debug|Any CPU
		{B4C59583-AC36-4371-BDEF-68F6D5A00A8B}.Debug|x64.Build.0 = Debug|Any CPU
		{B4C59583-AC36-4371-BDEF-68F6D5A00A8B}.Debug|x86.ActiveCfg = Debug|Any CPU
		{B4C59583-AC36-4371-BDEF-68F6D5A00A8B}.Debug|x86.Build.0 = Debug|Any CPU
		{B4C59583-AC36-4371-BDEF-68F6D5A00A8B}.Release|Any CPU.ActiveCfg = Release|Any CPU
		{B4C59583-AC36-4371-BDEF-68F6D5A00A8B}.Release|Any CPU.Build.0 = Release|Any CPU
		{B4C59583-AC36-4371-BDEF-68F6D5A00A8B}.Release|x64.ActiveCfg = Release|Any CPU
		{B4C59583-AC36-4371-BDEF-68F6D5A00A8B}.Release|x64.Build.0 = Release|Any CPU
		{B4C59583-AC36-4371-BDEF-68F6D5A00A8B}.Release|x86.ActiveCfg = Release|Any CPU
		{B4C59583-AC36-4371-BDEF-68F6D5A00A8B}.Release|x86.Build.0 = Release|Any CPU
		{0495BE23-2771-494B-97BA-4E36D1ACC547}.Debug|Any CPU.ActiveCfg = Debug|Any CPU
		{0495BE23-2771-494B-97BA-4E36D1ACC547}.Debug|Any CPU.Build.0 = Debug|Any CPU
		{0495BE23-2771-494B-97BA-4E36D1ACC547}.Debug|x64.ActiveCfg = Debug|Any CPU
		{0495BE23-2771-494B-97BA-4E36D1ACC547}.Debug|x64.Build.0 = Debug|Any CPU
		{0495BE23-2771-494B-97BA-4E36D1ACC547}.Debug|x86.ActiveCfg = Debug|Any CPU
		{0495BE23-2771-494B-97BA-4E36D1ACC547}.Debug|x86.Build.0 = Debug|Any CPU
		{0495BE23-2771-494B-97BA-4E36D1ACC547}.Release|Any CPU.ActiveCfg = Release|Any CPU
		{0495BE23-2771-494B-97BA-4E36D1ACC547}.Release|Any CPU.Build.0 = Release|Any CPU
		{0495BE23-2771-494B-97BA-4E36D1ACC547}.Release|x64.ActiveCfg = Release|Any CPU
		{0495BE23-2771-494B-97BA-4E36D1ACC547}.Release|x64.Build.0 = Release|Any CPU
		{0495BE23-2771-494B-97BA-4E36D1ACC547}.Release|x86.ActiveCfg = Release|Any CPU
		{0495BE23-2771-494B-97BA-4E36D1ACC547}.Release|x86.Build.0 = Release|Any CPU
		{FBAA29DE-AD5C-49FB-A688-215A8155492F}.Debug|Any CPU.ActiveCfg = Debug|Any CPU
		{FBAA29DE-AD5C-49FB-A688-215A8155492F}.Debug|Any CPU.Build.0 = Debug|Any CPU
		{FBAA29DE-AD5C-49FB-A688-215A8155492F}.Debug|x64.ActiveCfg = Debug|Any CPU
		{FBAA29DE-AD5C-49FB-A688-215A8155492F}.Debug|x64.Build.0 = Debug|Any CPU
		{FBAA29DE-AD5C-49FB-A688-215A8155492F}.Debug|x86.ActiveCfg = Debug|Any CPU
		{FBAA29DE-AD5C-49FB-A688-215A8155492F}.Debug|x86.Build.0 = Debug|Any CPU
		{FBAA29DE-AD5C-49FB-A688-215A8155492F}.Release|Any CPU.ActiveCfg = Release|Any CPU
		{FBAA29DE-AD5C-49FB-A688-215A8155492F}.Release|Any CPU.Build.0 = Release|Any CPU
		{FBAA29DE-AD5C-49FB-A688-215A8155492F}.Release|x64.ActiveCfg = Release|Any CPU
		{FBAA29DE-AD5C-49FB-A688-215A8155492F}.Release|x64.Build.0 = Release|Any CPU
		{FBAA29DE-AD5C-49FB-A688-215A8155492F}.Release|x86.ActiveCfg = Release|Any CPU
		{FBAA29DE-AD5C-49FB-A688-215A8155492F}.Release|x86.Build.0 = Release|Any CPU
		{E05EFD35-F4BB-4CA0-9807-0EB6B2F91673}.Debug|Any CPU.ActiveCfg = Debug|Any CPU
		{E05EFD35-F4BB-4CA0-9807-0EB6B2F91673}.Debug|Any CPU.Build.0 = Debug|Any CPU
		{E05EFD35-F4BB-4CA0-9807-0EB6B2F91673}.Debug|x64.ActiveCfg = Debug|Any CPU
		{E05EFD35-F4BB-4CA0-9807-0EB6B2F91673}.Debug|x64.Build.0 = Debug|Any CPU
		{E05EFD35-F4BB-4CA0-9807-0EB6B2F91673}.Debug|x86.ActiveCfg = Debug|Any CPU
		{E05EFD35-F4BB-4CA0-9807-0EB6B2F91673}.Debug|x86.Build.0 = Debug|Any CPU
		{E05EFD35-F4BB-4CA0-9807-0EB6B2F91673}.Release|Any CPU.ActiveCfg = Release|Any CPU
		{E05EFD35-F4BB-4CA0-9807-0EB6B2F91673}.Release|Any CPU.Build.0 = Release|Any CPU
		{E05EFD35-F4BB-4CA0-9807-0EB6B2F91673}.Release|x64.ActiveCfg = Release|Any CPU
		{E05EFD35-F4BB-4CA0-9807-0EB6B2F91673}.Release|x64.Build.0 = Release|Any CPU
		{E05EFD35-F4BB-4CA0-9807-0EB6B2F91673}.Release|x86.ActiveCfg = Release|Any CPU
		{E05EFD35-F4BB-4CA0-9807-0EB6B2F91673}.Release|x86.Build.0 = Release|Any CPU
		{66D0082C-C4E9-43EB-981C-6823123B24F6}.Debug|Any CPU.ActiveCfg = Release|Any CPU
		{66D0082C-C4E9-43EB-981C-6823123B24F6}.Debug|Any CPU.Build.0 = Release|Any CPU
		{66D0082C-C4E9-43EB-981C-6823123B24F6}.Debug|x64.ActiveCfg = Debug|x64
		{66D0082C-C4E9-43EB-981C-6823123B24F6}.Debug|x64.Build.0 = Debug|x64
		{66D0082C-C4E9-43EB-981C-6823123B24F6}.Debug|x86.ActiveCfg = Debug|x86
		{66D0082C-C4E9-43EB-981C-6823123B24F6}.Debug|x86.Build.0 = Debug|x86
		{66D0082C-C4E9-43EB-981C-6823123B24F6}.Release|Any CPU.ActiveCfg = Release|Any CPU
		{66D0082C-C4E9-43EB-981C-6823123B24F6}.Release|Any CPU.Build.0 = Release|Any CPU
		{66D0082C-C4E9-43EB-981C-6823123B24F6}.Release|x64.ActiveCfg = Release|x64
		{66D0082C-C4E9-43EB-981C-6823123B24F6}.Release|x64.Build.0 = Release|x64
		{66D0082C-C4E9-43EB-981C-6823123B24F6}.Release|x86.ActiveCfg = Release|x86
		{66D0082C-C4E9-43EB-981C-6823123B24F6}.Release|x86.Build.0 = Release|x86
	EndGlobalSection
	GlobalSection(SolutionProperties) = preSolution
		HideSolutionNode = FALSE
	EndGlobalSection
	GlobalSection(NestedProjects) = preSolution
		{4613501E-0318-46CF-AFA1-949208DDC6A4} = {203E823E-9F49-485C-BF68-B0B3F00757B8}
		{7BE0F151-898A-4E07-ABD5-A55CABA9C0AE} = {203E823E-9F49-485C-BF68-B0B3F00757B8}
		{F60E6B4B-D445-4B70-9128-0AD9390215DF} = {F76F90B5-7563-48EF-8BAC-CD9987546342}
		{8B1E6F68-9CA5-41B2-B40D-9627AE1B10F9} = {F76F90B5-7563-48EF-8BAC-CD9987546342}
		{EF3F5E23-BD41-4044-87E0-C0E5E514E5BD} = {F76F90B5-7563-48EF-8BAC-CD9987546342}
		{1A7BB370-828A-4552-B0D5-D3BB1DF62FDB} = {91127A1D-F26A-49ED-AF33-3B8616F69267}
		{2DB19D26-58AC-42C2-81E2-8E93B690035C} = {F76F90B5-7563-48EF-8BAC-CD9987546342}
		{DD3432E0-1399-4F2C-A131-7316EB7D2A39} = {3A09D287-5A11-4145-8E4F-053FC9794A6C}
		{C5195846-278E-481C-AF4C-C75A32F13EAC} = {3A09D287-5A11-4145-8E4F-053FC9794A6C}
		{21857DB6-8D9E-4910-BD4E-CAAFF0A66659} = {3A09D287-5A11-4145-8E4F-053FC9794A6C}
		{96F12C6C-F4B1-4690-8F5E-15CA9B6B7A90} = {23890C03-7DAE-4140-93AA-460EA0F91A9C}
		{2ED64D31-5B15-4D31-90B0-104FFCA4C6DE} = {23890C03-7DAE-4140-93AA-460EA0F91A9C}
		{9F5A4B8E-33C7-4F8E-A13A-F14EC0774902} = {23890C03-7DAE-4140-93AA-460EA0F91A9C}
		{AA038045-8AD9-4BFE-A4AF-0B7588D3548B} = {23890C03-7DAE-4140-93AA-460EA0F91A9C}
		{83552C13-F593-43A3-8884-F88C513945CF} = {7D20AA7F-1D70-4297-8D0F-DB076EE2E097}
		{26103459-F3A6-4AFC-9789-A1CFDDF7695C} = {7D20AA7F-1D70-4297-8D0F-DB076EE2E097}
		{ECD74AF5-9A80-41A1-828F-DB239959A10F} = {7D20AA7F-1D70-4297-8D0F-DB076EE2E097}
		{13545229-4C9C-4314-A461-3E4BCCD529EB} = {D2D06D89-E842-4C59-82BE-42031BBA61C0}
		{CFF5CFC2-8376-44A0-B8CA-45099FD317AE} = {680B1358-66E5-4D17-8BE0-0D840218D0F2}
		{478F95E3-4799-4DFC-B3DF-355BAE45DE05} = {680B1358-66E5-4D17-8BE0-0D840218D0F2}
		{943390F3-3FFA-45A0-9D04-0862A1551B18} = {680B1358-66E5-4D17-8BE0-0D840218D0F2}
		{CBE7523A-E0B8-4CC3-9141-1F2286343C1A} = {4E2BF15C-1760-4572-A249-7CE3D90D410B}
		{B4C59583-AC36-4371-BDEF-68F6D5A00A8B} = {DF9449A4-7831-41A1-B422-AE4C19905044}
		{0495BE23-2771-494B-97BA-4E36D1ACC547} = {24AA1BFF-D8B7-428F-8BBC-D5F6CA9295B0}
		{FBAA29DE-AD5C-49FB-A688-215A8155492F} = {24AA1BFF-D8B7-428F-8BBC-D5F6CA9295B0}
		{E05EFD35-F4BB-4CA0-9807-0EB6B2F91673} = {24AA1BFF-D8B7-428F-8BBC-D5F6CA9295B0}
		{66D0082C-C4E9-43EB-981C-6823123B24F6} = {1BB81F73-B053-4021-981C-1759207F7CFF}
	EndGlobalSection
	GlobalSection(ExtensibilityGlobals) = postSolution
		SolutionGuid = {4AB16CF6-241D-40F4-B9DF-ECC00F4A14D8}
	EndGlobalSection
EndGlobal
